
Microsoft Visual Studio Solution File, Format Version 12.00
# Visual Studio 15
VisualStudioVersion = 15.0.28307.1209
MinimumVisualStudioVersion = 10.0.40219.1
Project("{FAE04EC0-301F-11D3-BF4B-00C04F79EFBC}") = "Surf_blog", "Surf_blog\Surf_blog.csproj", "{9866485D-9F05-4703-B9C0-9F0CA45995F9}"
EndProject
Global
	GlobalSection(SolutionConfigurationPlatforms) = preSolution
		Debug|Any CPU = Debug|Any CPU
		Release|Any CPU = Release|Any CPU
	EndGlobalSection
	GlobalSection(ProjectConfigurationPlatforms) = postSolution
		{9866485D-9F05-4703-B9C0-9F0CA45995F9}.Debug|Any CPU.ActiveCfg = Debug|Any CPU
		{9866485D-9F05-4703-B9C0-9F0CA45995F9}.Debug|Any CPU.Build.0 = Debug|Any CPU
		{9866485D-9F05-4703-B9C0-9F0CA45995F9}.Release|Any CPU.ActiveCfg = Release|Any CPU
		{9866485D-9F05-4703-B9C0-9F0CA45995F9}.Release|Any CPU.Build.0 = Release|Any CPU
	EndGlobalSection
	GlobalSection(SolutionProperties) = preSolution
		HideSolutionNode = FALSE
	EndGlobalSection
	GlobalSection(ExtensibilityGlobals) = postSolution
		SolutionGuid = {37146761-E8F1-4E4A-B38F-77106230DF67}
	EndGlobalSection
EndGlobal
